
Microsoft Visual Studio Solution File, Format Version 12.00
# Visual Studio Version 17
VisualStudioVersion = 17.7.34009.444
MinimumVisualStudioVersion = 10.0.40219.1
Project("{FAE04EC0-301F-11D3-BF4B-00C04F79EFBC}") = "exercicio8", "exercicio8.csproj", "{770A2096-A010-400D-9C5E-B40F2177E47D}"
EndProject
Global
	GlobalSection(SolutionConfigurationPlatforms) = preSolution
		Debug|Any CPU = Debug|Any CPU
		Release|Any CPU = Release|Any CPU
	EndGlobalSection
	GlobalSection(ProjectConfigurationPlatforms) = postSolution
		{770A2096-A010-400D-9C5E-B40F2177E47D}.Debug|Any CPU.ActiveCfg = Debug|Any CPU
		{770A2096-A010-400D-9C5E-B40F2177E47D}.Debug|Any CPU.Build.0 = Debug|Any CPU
		{770A2096-A010-400D-9C5E-B40F2177E47D}.Release|Any CPU.ActiveCfg = Release|Any CPU
		{770A2096-A010-400D-9C5E-B40F2177E47D}.Release|Any CPU.Build.0 = Release|Any CPU
	EndGlobalSection
	GlobalSection(SolutionProperties) = preSolution
		HideSolutionNode = FALSE
	EndGlobalSection
	GlobalSection(ExtensibilityGlobals) = postSolution
		SolutionGuid = {74DCF999-DF29-457F-BE5E-67305C6F20DA}
	EndGlobalSection
EndGlobal
