
Microsoft Visual Studio Solution File, Format Version 12.00
# Visual Studio Version 17
VisualStudioVersion = 17.7.34009.444
MinimumVisualStudioVersion = 10.0.40219.1
Project("{FAE04EC0-301F-11D3-BF4B-00C04F79EFBC}") = "exercicios", "exercicios.csproj", "{FBB72F44-93FE-4C64-9D0C-95A75060AF66}"
EndProject
Global
	GlobalSection(SolutionConfigurationPlatforms) = preSolution
		Debug|Any CPU = Debug|Any CPU
		Release|Any CPU = Release|Any CPU
	EndGlobalSection
	GlobalSection(ProjectConfigurationPlatforms) = postSolution
		{FBB72F44-93FE-4C64-9D0C-95A75060AF66}.Debug|Any CPU.ActiveCfg = Debug|Any CPU
		{FBB72F44-93FE-4C64-9D0C-95A75060AF66}.Debug|Any CPU.Build.0 = Debug|Any CPU
		{FBB72F44-93FE-4C64-9D0C-95A75060AF66}.Release|Any CPU.ActiveCfg = Release|Any CPU
		{FBB72F44-93FE-4C64-9D0C-95A75060AF66}.Release|Any CPU.Build.0 = Release|Any CPU
	EndGlobalSection
	GlobalSection(SolutionProperties) = preSolution
		HideSolutionNode = FALSE
	EndGlobalSection
	GlobalSection(ExtensibilityGlobals) = postSolution
		SolutionGuid = {169ED011-A693-4C80-90E5-7CDE32F2F346}
	EndGlobalSection
EndGlobal
